
Microsoft Visual Studio Solution File, Format Version 12.00
# Visual Studio Version 17
VisualStudioVersion = 17.11.35303.130
MinimumVisualStudioVersion = 10.0.40219.1
Project("{9A19103F-16F7-4668-BE54-9A1E7A4F7556}") = "BChan.Worker", "BChan.Worker.csproj", "{82E10B9D-0807-4949-88CC-677849C83492}"
EndProject
Global
	GlobalSection(SolutionConfigurationPlatforms) = preSolution
		Debug|Any CPU = Debug|Any CPU
		Release|Any CPU = Release|Any CPU
	EndGlobalSection
	GlobalSection(ProjectConfigurationPlatforms) = postSolution
		{82E10B9D-0807-4949-88CC-677849C83492}.Debug|Any CPU.ActiveCfg = Debug|Any CPU
		{82E10B9D-0807-4949-88CC-677849C83492}.Debug|Any CPU.Build.0 = Debug|Any CPU
		{82E10B9D-0807-4949-88CC-677849C83492}.Release|Any CPU.ActiveCfg = Release|Any CPU
		{82E10B9D-0807-4949-88CC-677849C83492}.Release|Any CPU.Build.0 = Release|Any CPU
	EndGlobalSection
	GlobalSection(SolutionProperties) = preSolution
		HideSolutionNode = FALSE
	EndGlobalSection
	GlobalSection(ExtensibilityGlobals) = postSolution
		SolutionGuid = {F6975501-CBAF-4C73-AF4B-842FB84B4955}
	EndGlobalSection
EndGlobal
